
Microsoft Visual Studio Solution File, Format Version 12.00
# Visual Studio Version 17
VisualStudioVersion = 17.0.31903.59
MinimumVisualStudioVersion = 10.0.40219.1
Project("{9A19103F-16F7-4668-BE54-9A1E7A4F7556}") = "Bookstore.Web", "Bookstore.Web\Bookstore.Web.csproj", "{ECDEF489-C17B-47A8-9A6C-E577D3F525F7}"
EndProject
Project("{9A19103F-16F7-4668-BE54-9A1E7A4F7556}") = "Bookstore.Books", "Bookstore.Books\Bookstore.Books.csproj", "{DA53716B-4416-433A-A44F-7522FDB302DB}"
EndProject
Project("{2150E333-8FDC-42A3-9474-1A3956D46DE8}") = "_Solution Items", "_Solution Items", "{989B5C92-7048-4B59-8322-4B5C04848232}"
	ProjectSection(SolutionItems) = preProject
		.editorconfig = .editorconfig
		Directory.Build.props = Directory.Build.props
	EndProjectSection
EndProject
Project("{9A19103F-16F7-4668-BE54-9A1E7A4F7556}") = "Bookstore.Books.Tests", "Bookstore.Books.Tests\Bookstore.Books.Tests.csproj", "{4944AC0A-D7F8-4AC5-840B-C42B3346BDC5}"
EndProject
Project("{2150E333-8FDC-42A3-9474-1A3956D46DE8}") = "Books Module", "Books Module", "{671AF69F-D3A9-4D7D-9767-4B845C886141}"
EndProject
Project("{2150E333-8FDC-42A3-9474-1A3956D46DE8}") = "Users Module", "Users Module", "{12CE4EA7-59CE-4931-A583-59DE3C9434E0}"
EndProject
Project("{9A19103F-16F7-4668-BE54-9A1E7A4F7556}") = "Bookstore.Users", "Bookstore.Users\Bookstore.Users.csproj", "{73552A54-11AD-4720-AE1E-15E37FF45FFE}"
EndProject
Project("{9A19103F-16F7-4668-BE54-9A1E7A4F7556}") = "Bookstore.Books.Contracts", "Bookstore.Books.Contracts\Bookstore.Books.Contracts.csproj", "{E175CBA2-1D64-49A2-9730-01F91B003484}"
EndProject
Project("{2150E333-8FDC-42A3-9474-1A3956D46DE8}") = "OrderProcesssing Module", "OrderProcesssing Module", "{9EA40229-AE7E-4D57-B5F5-8881FEFA0F1B}"
EndProject
Project("{9A19103F-16F7-4668-BE54-9A1E7A4F7556}") = "Bookstore.OrderProcessing", "Bookstore.OrderProcessing\Bookstore.OrderProcessing.csproj", "{BCFBB627-C3B2-4B12-8A42-91AEFF812E65}"
EndProject
Project("{9A19103F-16F7-4668-BE54-9A1E7A4F7556}") = "Bookstore.OrderProcessing.Contracts", "Bookstore.OrderProcessing.Contracts\Bookstore.OrderProcessing.Contracts.csproj", "{CF2A0759-3B77-4FCB-BC71-7E9157D09575}"
EndProject
Project("{9A19103F-16F7-4668-BE54-9A1E7A4F7556}") = "Bookstore.Users.Contracts", "Bookstore.Users.Contracts\Bookstore.Users.Contracts.csproj", "{C5EED74F-6611-4A72-B4C4-26FE1F1B4F6D}"
EndProject
Project("{FAE04EC0-301F-11D3-BF4B-00C04F79EFBC}") = "Bookstore.SharedKernel", "Bookstore.SharedKernel\Bookstore.SharedKernel.csproj", "{4A274884-5C59-4EBF-8CFC-BE4D5AAC4DC0}"
EndProject
Global
	GlobalSection(SolutionConfigurationPlatforms) = preSolution
		Debug|Any CPU = Debug|Any CPU
		Release|Any CPU = Release|Any CPU
	EndGlobalSection
	GlobalSection(ProjectConfigurationPlatforms) = postSolution
		{ECDEF489-C17B-47A8-9A6C-E577D3F525F7}.Debug|Any CPU.ActiveCfg = Debug|Any CPU
		{ECDEF489-C17B-47A8-9A6C-E577D3F525F7}.Debug|Any CPU.Build.0 = Debug|Any CPU
		{ECDEF489-C17B-47A8-9A6C-E577D3F525F7}.Release|Any CPU.ActiveCfg = Release|Any CPU
		{ECDEF489-C17B-47A8-9A6C-E577D3F525F7}.Release|Any CPU.Build.0 = Release|Any CPU
		{DA53716B-4416-433A-A44F-7522FDB302DB}.Debug|Any CPU.ActiveCfg = Debug|Any CPU
		{DA53716B-4416-433A-A44F-7522FDB302DB}.Debug|Any CPU.Build.0 = Debug|Any CPU
		{DA53716B-4416-433A-A44F-7522FDB302DB}.Release|Any CPU.ActiveCfg = Release|Any CPU
		{DA53716B-4416-433A-A44F-7522FDB302DB}.Release|Any CPU.Build.0 = Release|Any CPU
		{4944AC0A-D7F8-4AC5-840B-C42B3346BDC5}.Debug|Any CPU.ActiveCfg = Debug|Any CPU
		{4944AC0A-D7F8-4AC5-840B-C42B3346BDC5}.Debug|Any CPU.Build.0 = Debug|Any CPU
		{4944AC0A-D7F8-4AC5-840B-C42B3346BDC5}.Release|Any CPU.ActiveCfg = Release|Any CPU
		{4944AC0A-D7F8-4AC5-840B-C42B3346BDC5}.Release|Any CPU.Build.0 = Release|Any CPU
		{73552A54-11AD-4720-AE1E-15E37FF45FFE}.Debug|Any CPU.ActiveCfg = Debug|Any CPU
		{73552A54-11AD-4720-AE1E-15E37FF45FFE}.Debug|Any CPU.Build.0 = Debug|Any CPU
		{73552A54-11AD-4720-AE1E-15E37FF45FFE}.Release|Any CPU.ActiveCfg = Release|Any CPU
		{73552A54-11AD-4720-AE1E-15E37FF45FFE}.Release|Any CPU.Build.0 = Release|Any CPU
		{E175CBA2-1D64-49A2-9730-01F91B003484}.Debug|Any CPU.ActiveCfg = Debug|Any CPU
		{E175CBA2-1D64-49A2-9730-01F91B003484}.Debug|Any CPU.Build.0 = Debug|Any CPU
		{E175CBA2-1D64-49A2-9730-01F91B003484}.Release|Any CPU.ActiveCfg = Release|Any CPU
		{E175CBA2-1D64-49A2-9730-01F91B003484}.Release|Any CPU.Build.0 = Release|Any CPU
		{BCFBB627-C3B2-4B12-8A42-91AEFF812E65}.Debug|Any CPU.ActiveCfg = Debug|Any CPU
		{BCFBB627-C3B2-4B12-8A42-91AEFF812E65}.Debug|Any CPU.Build.0 = Debug|Any CPU
		{BCFBB627-C3B2-4B12-8A42-91AEFF812E65}.Release|Any CPU.ActiveCfg = Release|Any CPU
		{BCFBB627-C3B2-4B12-8A42-91AEFF812E65}.Release|Any CPU.Build.0 = Release|Any CPU
		{CF2A0759-3B77-4FCB-BC71-7E9157D09575}.Debug|Any CPU.ActiveCfg = Debug|Any CPU
		{CF2A0759-3B77-4FCB-BC71-7E9157D09575}.Debug|Any CPU.Build.0 = Debug|Any CPU
		{CF2A0759-3B77-4FCB-BC71-7E9157D09575}.Release|Any CPU.ActiveCfg = Release|Any CPU
		{CF2A0759-3B77-4FCB-BC71-7E9157D09575}.Release|Any CPU.Build.0 = Release|Any CPU
		{C5EED74F-6611-4A72-B4C4-26FE1F1B4F6D}.Debug|Any CPU.ActiveCfg = Debug|Any CPU
		{C5EED74F-6611-4A72-B4C4-26FE1F1B4F6D}.Debug|Any CPU.Build.0 = Debug|Any CPU
		{C5EED74F-6611-4A72-B4C4-26FE1F1B4F6D}.Release|Any CPU.ActiveCfg = Release|Any CPU
		{C5EED74F-6611-4A72-B4C4-26FE1F1B4F6D}.Release|Any CPU.Build.0 = Release|Any CPU
		{4A274884-5C59-4EBF-8CFC-BE4D5AAC4DC0}.Debug|Any CPU.ActiveCfg = Debug|Any CPU
		{4A274884-5C59-4EBF-8CFC-BE4D5AAC4DC0}.Debug|Any CPU.Build.0 = Debug|Any CPU
		{4A274884-5C59-4EBF-8CFC-BE4D5AAC4DC0}.Release|Any CPU.ActiveCfg = Release|Any CPU
		{4A274884-5C59-4EBF-8CFC-BE4D5AAC4DC0}.Release|Any CPU.Build.0 = Release|Any CPU
	EndGlobalSection
	GlobalSection(SolutionProperties) = preSolution
		HideSolutionNode = FALSE
	EndGlobalSection
	GlobalSection(NestedProjects) = preSolution
		{DA53716B-4416-433A-A44F-7522FDB302DB} = {671AF69F-D3A9-4D7D-9767-4B845C886141}
		{4944AC0A-D7F8-4AC5-840B-C42B3346BDC5} = {671AF69F-D3A9-4D7D-9767-4B845C886141}
		{73552A54-11AD-4720-AE1E-15E37FF45FFE} = {12CE4EA7-59CE-4931-A583-59DE3C9434E0}
		{E175CBA2-1D64-49A2-9730-01F91B003484} = {671AF69F-D3A9-4D7D-9767-4B845C886141}
		{BCFBB627-C3B2-4B12-8A42-91AEFF812E65} = {9EA40229-AE7E-4D57-B5F5-8881FEFA0F1B}
		{CF2A0759-3B77-4FCB-BC71-7E9157D09575} = {9EA40229-AE7E-4D57-B5F5-8881FEFA0F1B}
		{C5EED74F-6611-4A72-B4C4-26FE1F1B4F6D} = {12CE4EA7-59CE-4931-A583-59DE3C9434E0}
	EndGlobalSection
	GlobalSection(ExtensibilityGlobals) = postSolution
		SolutionGuid = {CB99FC74-C58B-463E-BEF3-54CB64CAA196}
	EndGlobalSection
EndGlobal
